
Microsoft Visual Studio Solution File, Format Version 12.00
# Visual Studio 2013
VisualStudioVersion = 12.0.31101.0
MinimumVisualStudioVersion = 10.0.40219.1
Project("{FAE04EC0-301F-11D3-BF4B-00C04F79EFBC}") = "Xbim.COBie", "Xbim.COBie\Xbim.COBie.csproj", "{7DA8C61A-ACCA-45CB-B688-93A4982FA44C}"
EndProject
Project("{FAE04EC0-301F-11D3-BF4B-00C04F79EFBC}") = "Xbim.COBie.Client", "Xbim.COBie.Client\Xbim.COBie.Client.csproj", "{FB5A1829-7B34-4DE9-94A9-AF3AD36320BB}"
EndProject
Project("{2150E333-8FDC-42A3-9474-1A3956D46DE8}") = "Solution Items", "Solution Items", "{CFAD1D1D-D584-4FB9-B795-64F25B888F26}"
	ProjectSection(SolutionItems) = preProject
		Xbim.Exchange.nuspec = Xbim.Exchange.nuspec
	EndProjectSection
EndProject
Project("{FAE04EC0-301F-11D3-BF4B-00C04F79EFBC}") = "Xbim.COBieLite", "Xbim.COBieLite\Xbim.COBieLite.csproj", "{E550C721-50AF-4AD0-998E-0C61F305EEC8}"
EndProject
Project("{FAE04EC0-301F-11D3-BF4B-00C04F79EFBC}") = "Tests", "Tests\Tests.csproj", "{65C0C5FF-70D7-49CC-ACCF-057C91F382CC}"
EndProject
Project("{FAE04EC0-301F-11D3-BF4B-00C04F79EFBC}") = "Xbim.CobieLiteUK.Validation", "Xbim.CobieLiteUK.Validation\Xbim.CobieLiteUK.Validation.csproj", "{D2D0B192-93B2-409F-AAA0-47BD3038C87E}"
EndProject
Project("{FAE04EC0-301F-11D3-BF4B-00C04F79EFBC}") = "Xbim.Exchanger", "Xbim.Exchanger\Xbim.Exchanger.csproj", "{5540768D-8ACD-4CC0-B3CD-1951DEF54C20}"
EndProject
Project("{FAE04EC0-301F-11D3-BF4B-00C04F79EFBC}") = "SerialisationHelper", "Xbim.COBieLite.SerialisationHelper\SerialisationHelper.csproj", "{B7628DBA-72BF-4831-B744-84D445A11704}"
EndProject
Project("{FAE04EC0-301F-11D3-BF4B-00C04F79EFBC}") = "Xbim.COBieLiteUK", "Xbim.COBieLiteUK\Xbim.COBieLiteUK.csproj", "{90DEF072-96C7-4972-835E-909C41169CB4}"
	ProjectSection(ProjectDependencies) = postProject
		{ECF29BC1-D9B6-4E9F-8915-892B8D6D1089} = {ECF29BC1-D9B6-4E9F-8915-892B8D6D1089}
	EndProjectSection
EndProject
Project("{FAE04EC0-301F-11D3-BF4B-00C04F79EFBC}") = "Xbim.DPoW", "Xbim.DPoW\Xbim.DPoW.csproj", "{79E7F597-F509-49EC-A606-FDC8326E72F5}"
EndProject
Project("{FAE04EC0-301F-11D3-BF4B-00C04F79EFBC}") = "Xbim.Exchange", "Xbim.Exchange\Xbim.Exchange.csproj", "{F818E996-CDB5-4ED7-9238-F21862D348E5}"
EndProject
Project("{2150E333-8FDC-42A3-9474-1A3956D46DE8}") = "Utilities", "Utilities", "{3D4383C4-C053-4EC1-BBB7-D768314F37BE}"
EndProject
Project("{FAE04EC0-301F-11D3-BF4B-00C04F79EFBC}") = "Xsd2Code", "Xsd2Code\Xsd2Code.csproj", "{1B59FB12-699C-4927-ACA3-D7F0E0F79100}"
EndProject
Project("{FAE04EC0-301F-11D3-BF4B-00C04F79EFBC}") = "Xbim.COBieLiteUK.CodeGeneration", "Xbim.COBieLiteUK.CodeGeneration\Xbim.COBieLiteUK.CodeGeneration.csproj", "{ECF29BC1-D9B6-4E9F-8915-892B8D6D1089}"
EndProject
Project("{FAE04EC0-301F-11D3-BF4B-00C04F79EFBC}") = "COBieLiteUK.Profiling", "COBieLiteUK.Profiling\COBieLiteUK.Profiling.csproj", "{421F22EA-E228-4B2A-ACEB-5BECE1B6489E}"
EndProject
Project("{FAE04EC0-301F-11D3-BF4B-00C04F79EFBC}") = "Xbim.COBieLiteUK.Validation.Profiling", "Xbim.COBieLiteUK.Validation.Profiling\Xbim.COBieLiteUK.Validation.Profiling.csproj", "{D78043F8-A253-41AD-86B0-02143DE75BBD}"
EndProject
Global
	GlobalSection(SolutionConfigurationPlatforms) = preSolution
		Debug|Any CPU = Debug|Any CPU
		Release|Any CPU = Release|Any CPU
	EndGlobalSection
	GlobalSection(ProjectConfigurationPlatforms) = postSolution
		{7DA8C61A-ACCA-45CB-B688-93A4982FA44C}.Debug|Any CPU.ActiveCfg = Debug|Any CPU
		{7DA8C61A-ACCA-45CB-B688-93A4982FA44C}.Debug|Any CPU.Build.0 = Debug|Any CPU
		{7DA8C61A-ACCA-45CB-B688-93A4982FA44C}.Release|Any CPU.ActiveCfg = Release|Any CPU
		{7DA8C61A-ACCA-45CB-B688-93A4982FA44C}.Release|Any CPU.Build.0 = Release|Any CPU
		{FB5A1829-7B34-4DE9-94A9-AF3AD36320BB}.Debug|Any CPU.ActiveCfg = Debug|Any CPU
		{FB5A1829-7B34-4DE9-94A9-AF3AD36320BB}.Debug|Any CPU.Build.0 = Debug|Any CPU
		{FB5A1829-7B34-4DE9-94A9-AF3AD36320BB}.Release|Any CPU.ActiveCfg = Release|Any CPU
		{FB5A1829-7B34-4DE9-94A9-AF3AD36320BB}.Release|Any CPU.Build.0 = Release|Any CPU
		{E550C721-50AF-4AD0-998E-0C61F305EEC8}.Debug|Any CPU.ActiveCfg = Debug|Any CPU
		{E550C721-50AF-4AD0-998E-0C61F305EEC8}.Debug|Any CPU.Build.0 = Debug|Any CPU
		{E550C721-50AF-4AD0-998E-0C61F305EEC8}.Release|Any CPU.ActiveCfg = Release|Any CPU
		{E550C721-50AF-4AD0-998E-0C61F305EEC8}.Release|Any CPU.Build.0 = Release|Any CPU
		{65C0C5FF-70D7-49CC-ACCF-057C91F382CC}.Debug|Any CPU.ActiveCfg = Debug|Any CPU
		{65C0C5FF-70D7-49CC-ACCF-057C91F382CC}.Debug|Any CPU.Build.0 = Debug|Any CPU
		{65C0C5FF-70D7-49CC-ACCF-057C91F382CC}.Release|Any CPU.ActiveCfg = Release|Any CPU
		{65C0C5FF-70D7-49CC-ACCF-057C91F382CC}.Release|Any CPU.Build.0 = Release|Any CPU
		{D2D0B192-93B2-409F-AAA0-47BD3038C87E}.Debug|Any CPU.ActiveCfg = Debug|Any CPU
		{D2D0B192-93B2-409F-AAA0-47BD3038C87E}.Debug|Any CPU.Build.0 = Debug|Any CPU
		{D2D0B192-93B2-409F-AAA0-47BD3038C87E}.Release|Any CPU.ActiveCfg = Release|Any CPU
		{D2D0B192-93B2-409F-AAA0-47BD3038C87E}.Release|Any CPU.Build.0 = Release|Any CPU
		{5540768D-8ACD-4CC0-B3CD-1951DEF54C20}.Debug|Any CPU.ActiveCfg = Debug|Any CPU
		{5540768D-8ACD-4CC0-B3CD-1951DEF54C20}.Debug|Any CPU.Build.0 = Debug|Any CPU
		{5540768D-8ACD-4CC0-B3CD-1951DEF54C20}.Release|Any CPU.ActiveCfg = Release|Any CPU
		{5540768D-8ACD-4CC0-B3CD-1951DEF54C20}.Release|Any CPU.Build.0 = Release|Any CPU
		{B7628DBA-72BF-4831-B744-84D445A11704}.Debug|Any CPU.ActiveCfg = Debug|Any CPU
		{B7628DBA-72BF-4831-B744-84D445A11704}.Debug|Any CPU.Build.0 = Debug|Any CPU
		{B7628DBA-72BF-4831-B744-84D445A11704}.Release|Any CPU.ActiveCfg = Release|Any CPU
		{B7628DBA-72BF-4831-B744-84D445A11704}.Release|Any CPU.Build.0 = Release|Any CPU
		{90DEF072-96C7-4972-835E-909C41169CB4}.Debug|Any CPU.ActiveCfg = Debug|Any CPU
		{90DEF072-96C7-4972-835E-909C41169CB4}.Debug|Any CPU.Build.0 = Debug|Any CPU
		{90DEF072-96C7-4972-835E-909C41169CB4}.Release|Any CPU.ActiveCfg = Release|Any CPU
		{90DEF072-96C7-4972-835E-909C41169CB4}.Release|Any CPU.Build.0 = Release|Any CPU
		{79E7F597-F509-49EC-A606-FDC8326E72F5}.Debug|Any CPU.ActiveCfg = Debug|Any CPU
		{79E7F597-F509-49EC-A606-FDC8326E72F5}.Debug|Any CPU.Build.0 = Debug|Any CPU
		{79E7F597-F509-49EC-A606-FDC8326E72F5}.Release|Any CPU.ActiveCfg = Release|Any CPU
		{79E7F597-F509-49EC-A606-FDC8326E72F5}.Release|Any CPU.Build.0 = Release|Any CPU
		{F818E996-CDB5-4ED7-9238-F21862D348E5}.Debug|Any CPU.ActiveCfg = Debug|Any CPU
		{F818E996-CDB5-4ED7-9238-F21862D348E5}.Debug|Any CPU.Build.0 = Debug|Any CPU
		{F818E996-CDB5-4ED7-9238-F21862D348E5}.Release|Any CPU.ActiveCfg = Release|Any CPU
		{F818E996-CDB5-4ED7-9238-F21862D348E5}.Release|Any CPU.Build.0 = Release|Any CPU
		{1B59FB12-699C-4927-ACA3-D7F0E0F79100}.Debug|Any CPU.ActiveCfg = Debug|Any CPU
		{1B59FB12-699C-4927-ACA3-D7F0E0F79100}.Debug|Any CPU.Build.0 = Debug|Any CPU
		{1B59FB12-699C-4927-ACA3-D7F0E0F79100}.Release|Any CPU.ActiveCfg = Release|Any CPU
		{1B59FB12-699C-4927-ACA3-D7F0E0F79100}.Release|Any CPU.Build.0 = Release|Any CPU
		{ECF29BC1-D9B6-4E9F-8915-892B8D6D1089}.Debug|Any CPU.ActiveCfg = Debug|Any CPU
		{ECF29BC1-D9B6-4E9F-8915-892B8D6D1089}.Debug|Any CPU.Build.0 = Debug|Any CPU
		{ECF29BC1-D9B6-4E9F-8915-892B8D6D1089}.Release|Any CPU.ActiveCfg = Release|Any CPU
		{ECF29BC1-D9B6-4E9F-8915-892B8D6D1089}.Release|Any CPU.Build.0 = Release|Any CPU
		{421F22EA-E228-4B2A-ACEB-5BECE1B6489E}.Debug|Any CPU.ActiveCfg = Debug|Any CPU
		{421F22EA-E228-4B2A-ACEB-5BECE1B6489E}.Debug|Any CPU.Build.0 = Debug|Any CPU
		{421F22EA-E228-4B2A-ACEB-5BECE1B6489E}.Release|Any CPU.ActiveCfg = Release|Any CPU
		{421F22EA-E228-4B2A-ACEB-5BECE1B6489E}.Release|Any CPU.Build.0 = Release|Any CPU
		{D78043F8-A253-41AD-86B0-02143DE75BBD}.Debug|Any CPU.ActiveCfg = Debug|Any CPU
		{D78043F8-A253-41AD-86B0-02143DE75BBD}.Debug|Any CPU.Build.0 = Debug|Any CPU
		{D78043F8-A253-41AD-86B0-02143DE75BBD}.Release|Any CPU.ActiveCfg = Release|Any CPU
		{D78043F8-A253-41AD-86B0-02143DE75BBD}.Release|Any CPU.Build.0 = Release|Any CPU
	EndGlobalSection
	GlobalSection(SolutionProperties) = preSolution
		HideSolutionNode = FALSE
	EndGlobalSection
	GlobalSection(NestedProjects) = preSolution
		{B7628DBA-72BF-4831-B744-84D445A11704} = {3D4383C4-C053-4EC1-BBB7-D768314F37BE}
		{1B59FB12-699C-4927-ACA3-D7F0E0F79100} = {3D4383C4-C053-4EC1-BBB7-D768314F37BE}
		{ECF29BC1-D9B6-4E9F-8915-892B8D6D1089} = {3D4383C4-C053-4EC1-BBB7-D768314F37BE}
		{421F22EA-E228-4B2A-ACEB-5BECE1B6489E} = {3D4383C4-C053-4EC1-BBB7-D768314F37BE}
		{D78043F8-A253-41AD-86B0-02143DE75BBD} = {3D4383C4-C053-4EC1-BBB7-D768314F37BE}
	EndGlobalSection
EndGlobal
